// !$*UTF8*$!
{
	archiveVersion = 1;
	classes = {
	};
	objectVersion = 50;
	objects = {

/* Begin PBXBuildFile section */
		8B7D14BB2424804600AEF3BA /* HeaderModel.swift in Sources */ = {isa = PBXBuildFile; fileRef = 8B7D14BA2424804600AEF3BA /* HeaderModel.swift */; };
		8B7D14BD242480B500AEF3BA /* HeaderData.swift in Sources */ = {isa = PBXBuildFile; fileRef = 8B7D14BC242480B500AEF3BA /* HeaderData.swift */; };
		8B7D14BF24248D1A00AEF3BA /* DishesVIew.swift in Sources */ = {isa = PBXBuildFile; fileRef = 8B7D14BE24248D1A00AEF3BA /* DishesVIew.swift */; };
		8B7D4A5F23E6763E008CDA52 /* AppDelegate.swift in Sources */ = {isa = PBXBuildFile; fileRef = 8B7D4A5E23E6763E008CDA52 /* AppDelegate.swift */; };
		8B7D4A6123E6763E008CDA52 /* SceneDelegate.swift in Sources */ = {isa = PBXBuildFile; fileRef = 8B7D4A6023E6763E008CDA52 /* SceneDelegate.swift */; };
		8B7D4A6323E6763E008CDA52 /* ContentView.swift in Sources */ = {isa = PBXBuildFile; fileRef = 8B7D4A6223E6763E008CDA52 /* ContentView.swift */; };
		8B7D4A6523E67641008CDA52 /* Assets.xcassets in Resources */ = {isa = PBXBuildFile; fileRef = 8B7D4A6423E67641008CDA52 /* Assets.xcassets */; };
		8B7D4A6823E67641008CDA52 /* Preview Assets.xcassets in Resources */ = {isa = PBXBuildFile; fileRef = 8B7D4A6723E67641008CDA52 /* Preview Assets.xcassets */; };
		8B7D4A6B23E67641008CDA52 /* LaunchScreen.storyboard in Resources */ = {isa = PBXBuildFile; fileRef = 8B7D4A6923E67641008CDA52 /* LaunchScreen.storyboard */; };
		8BF4898823E68E7C003C8C9A /* AppView.swift in Sources */ = {isa = PBXBuildFile; fileRef = 8BF4898723E68E7C003C8C9A /* AppView.swift */; };
		8BF4898A23E68E8C003C8C9A /* AvocadosView.swift in Sources */ = {isa = PBXBuildFile; fileRef = 8BF4898923E68E8C003C8C9A /* AvocadosView.swift */; };
		8BF4898C23E68E9C003C8C9A /* RipeningStagesView.swift in Sources */ = {isa = PBXBuildFile; fileRef = 8BF4898B23E68E9C003C8C9A /* RipeningStagesView.swift */; };
		8BF4898E23E68EA9003C8C9A /* SettingsView.swift in Sources */ = {isa = PBXBuildFile; fileRef = 8BF4898D23E68EA9003C8C9A /* SettingsView.swift */; };
		8BF4899023E68FD1003C8C9A /* Constants.swift in Sources */ = {isa = PBXBuildFile; fileRef = 8BF4898F23E68FD1003C8C9A /* Constants.swift */; };
		8BF4899223E69B29003C8C9A /* HeaderView.swift in Sources */ = {isa = PBXBuildFile; fileRef = 8BF4899123E69B29003C8C9A /* HeaderView.swift */; };
/* End PBXBuildFile section */

/* Begin PBXFileReference section */
		8B7D14BA2424804600AEF3BA /* HeaderModel.swift */ = {isa = PBXFileReference; lastKnownFileType = sourcecode.swift; path = HeaderModel.swift; sourceTree = "<group>"; };
		8B7D14BC242480B500AEF3BA /* HeaderData.swift */ = {isa = PBXFileReference; lastKnownFileType = sourcecode.swift; path = HeaderData.swift; sourceTree = "<group>"; };
		8B7D14BE24248D1A00AEF3BA /* DishesVIew.swift */ = {isa = PBXFileReference; lastKnownFileType = sourcecode.swift; path = DishesVIew.swift; sourceTree = "<group>"; };
		8B7D4A5B23E6763E008CDA52 /* Avocado SwiftUI.app */ = {isa = PBXFileReference; explicitFileType = wrapper.application; includeInIndex = 0; path = "Avocado SwiftUI.app"; sourceTree = BUILT_PRODUCTS_DIR; };
		8B7D4A5E23E6763E008CDA52 /* AppDelegate.swift */ = {isa = PBXFileReference; lastKnownFileType = sourcecode.swift; path = AppDelegate.swift; sourceTree = "<group>"; };
		8B7D4A6023E6763E008CDA52 /* SceneDelegate.swift */ = {isa = PBXFileReference; lastKnownFileType = sourcecode.swift; path = SceneDelegate.swift; sourceTree = "<group>"; };
		8B7D4A6223E6763E008CDA52 /* ContentView.swift */ = {isa = PBXFileReference; lastKnownFileType = sourcecode.swift; path = ContentView.swift; sourceTree = "<group>"; };
		8B7D4A6423E67641008CDA52 /* Assets.xcassets */ = {isa = PBXFileReference; lastKnownFileType = folder.assetcatalog; path = Assets.xcassets; sourceTree = "<group>"; };
		8B7D4A6723E67641008CDA52 /* Preview Assets.xcassets */ = {isa = PBXFileReference; lastKnownFileType = folder.assetcatalog; path = "Preview Assets.xcassets"; sourceTree = "<group>"; };
		8B7D4A6A23E67641008CDA52 /* Base */ = {isa = PBXFileReference; lastKnownFileType = file.storyboard; name = Base; path = Base.lproj/LaunchScreen.storyboard; sourceTree = "<group>"; };
		8B7D4A6C23E67641008CDA52 /* Info.plist */ = {isa = PBXFileReference; lastKnownFileType = text.plist.xml; path = Info.plist; sourceTree = "<group>"; };
		8BF4898723E68E7C003C8C9A /* AppView.swift */ = {isa = PBXFileReference; lastKnownFileType = sourcecode.swift; path = AppView.swift; sourceTree = "<group>"; };
		8BF4898923E68E8C003C8C9A /* AvocadosView.swift */ = {isa = PBXFileReference; lastKnownFileType = sourcecode.swift; path = AvocadosView.swift; sourceTree = "<group>"; };
		8BF4898B23E68E9C003C8C9A /* RipeningStagesView.swift */ = {isa = PBXFileReference; lastKnownFileType = sourcecode.swift; path = RipeningStagesView.swift; sourceTree = "<group>"; };
		8BF4898D23E68EA9003C8C9A /* SettingsView.swift */ = {isa = PBXFileReference; lastKnownFileType = sourcecode.swift; path = SettingsView.swift; sourceTree = "<group>"; };
		8BF4898F23E68FD1003C8C9A /* Constants.swift */ = {isa = PBXFileReference; lastKnownFileType = sourcecode.swift; path = Constants.swift; sourceTree = "<group>"; };
		8BF4899123E69B29003C8C9A /* HeaderView.swift */ = {isa = PBXFileReference; lastKnownFileType = sourcecode.swift; path = HeaderView.swift; sourceTree = "<group>"; };
/* End PBXFileReference section */

/* Begin PBXFrameworksBuildPhase section */
		8B7D4A5823E6763E008CDA52 /* Frameworks */ = {
			isa = PBXFrameworksBuildPhase;
			buildActionMask = 2147483647;
			files = (
			);
			runOnlyForDeploymentPostprocessing = 0;
		};
/* End PBXFrameworksBuildPhase section */

/* Begin PBXGroup section */
		8B7D4A5223E6763E008CDA52 = {
			isa = PBXGroup;
			children = (
				8B7D4A5D23E6763E008CDA52 /* Avocado SwiftUI */,
				8B7D4A5C23E6763E008CDA52 /* Products */,
			);
			sourceTree = "<group>";
		};
		8B7D4A5C23E6763E008CDA52 /* Products */ = {
			isa = PBXGroup;
			children = (
				8B7D4A5B23E6763E008CDA52 /* Avocado SwiftUI.app */,
			);
			name = Products;
			sourceTree = "<group>";
		};
		8B7D4A5D23E6763E008CDA52 /* Avocado SwiftUI */ = {
			isa = PBXGroup;
			children = (
				8BF4898F23E68FD1003C8C9A /* Constants.swift */,
				8BF4898623E68E4E003C8C9A /* Data */,
				8BF4898523E68E47003C8C9A /* Model */,
				8BF4898423E68E39003C8C9A /* View */,
				8B7D4A5E23E6763E008CDA52 /* AppDelegate.swift */,
				8B7D4A6023E6763E008CDA52 /* SceneDelegate.swift */,
				8B7D4A6423E67641008CDA52 /* Assets.xcassets */,
				8B7D4A6923E67641008CDA52 /* LaunchScreen.storyboard */,
				8B7D4A6C23E67641008CDA52 /* Info.plist */,
				8B7D4A6623E67641008CDA52 /* Preview Content */,
			);
			path = "Avocado SwiftUI";
			sourceTree = "<group>";
		};
		8B7D4A6623E67641008CDA52 /* Preview Content */ = {
			isa = PBXGroup;
			children = (
				8B7D4A6723E67641008CDA52 /* Preview Assets.xcassets */,
			);
			path = "Preview Content";
			sourceTree = "<group>";
		};
		8BF4898423E68E39003C8C9A /* View */ = {
			isa = PBXGroup;
			children = (
				8BF4898723E68E7C003C8C9A /* AppView.swift */,
				8B7D4A6223E6763E008CDA52 /* ContentView.swift */,
				8BF4898923E68E8C003C8C9A /* AvocadosView.swift */,
				8BF4898B23E68E9C003C8C9A /* RipeningStagesView.swift */,
				8BF4898D23E68EA9003C8C9A /* SettingsView.swift */,
				8BF4899123E69B29003C8C9A /* HeaderView.swift */,
				8B7D14BE24248D1A00AEF3BA /* DishesVIew.swift */,
			);
			path = View;
			sourceTree = "<group>";
		};
		8BF4898523E68E47003C8C9A /* Model */ = {
			isa = PBXGroup;
			children = (
				8B7D14BA2424804600AEF3BA /* HeaderModel.swift */,
			);
			path = Model;
			sourceTree = "<group>";
		};
		8BF4898623E68E4E003C8C9A /* Data */ = {
			isa = PBXGroup;
			children = (
				8B7D14BC242480B500AEF3BA /* HeaderData.swift */,
			);
			path = Data;
			sourceTree = "<group>";
		};
/* End PBXGroup section */

/* Begin PBXNativeTarget section */
		8B7D4A5A23E6763E008CDA52 /* Avocado SwiftUI */ = {
			isa = PBXNativeTarget;
			buildConfigurationList = 8B7D4A6F23E67641008CDA52 /* Build configuration list for PBXNativeTarget "Avocado SwiftUI" */;
			buildPhases = (
				8B7D4A5723E6763E008CDA52 /* Sources */,
				8B7D4A5823E6763E008CDA52 /* Frameworks */,
				8B7D4A5923E6763E008CDA52 /* Resources */,
			);
			buildRules = (
			);
			dependencies = (
			);
			name = "Avocado SwiftUI";
			productName = "Avocado SwiftUI";
			productReference = 8B7D4A5B23E6763E008CDA52 /* Avocado SwiftUI.app */;
			productType = "com.apple.product-type.application";
		};
/* End PBXNativeTarget section */

/* Begin PBXProject section */
		8B7D4A5323E6763E008CDA52 /* Project object */ = {
			isa = PBXProject;
			attributes = {
				LastSwiftUpdateCheck = 1130;
				LastUpgradeCheck = 1130;
				ORGANIZATIONNAME = "Dhawal Mahajan";
				TargetAttributes = {
					8B7D4A5A23E6763E008CDA52 = {
						CreatedOnToolsVersion = 11.3;
					};
				};
			};
			buildConfigurationList = 8B7D4A5623E6763E008CDA52 /* Build configuration list for PBXProject "Avocado SwiftUI" */;
			compatibilityVersion = "Xcode 9.3";
			developmentRegion = en;
			hasScannedForEncodings = 0;
			knownRegions = (
				en,
				Base,
			);
			mainGroup = 8B7D4A5223E6763E008CDA52;
			productRefGroup = 8B7D4A5C23E6763E008CDA52 /* Products */;
			projectDirPath = "";
			projectRoot = "";
			targets = (
				8B7D4A5A23E6763E008CDA52 /* Avocado SwiftUI */,
			);
		};
/* End PBXProject section */

/* Begin PBXResourcesBuildPhase section */
		8B7D4A5923E6763E008CDA52 /* Resources */ = {
			isa = PBXResourcesBuildPhase;
			buildActionMask = 2147483647;
			files = (
				8B7D4A6B23E67641008CDA52 /* LaunchScreen.storyboard in Resources */,
				8B7D4A6823E67641008CDA52 /* Preview Assets.xcassets in Resources */,
				8B7D4A6523E67641008CDA52 /* Assets.xcassets in Resources */,
			);
			runOnlyForDeploymentPostprocessing = 0;
		};
/* End PBXResourcesBuildPhase section */

/* Begin PBXSourcesBuildPhase section */
		8B7D4A5723E6763E008CDA52 /* Sources */ = {
			isa = PBXSourcesBuildPhase;
			buildActionMask = 2147483647;
			files = (
				8B7D14BD242480B500AEF3BA /* HeaderData.swift in Sources */,
				8BF4898E23E68EA9003C8C9A /* SettingsView.swift in Sources */,
				8BF4899223E69B29003C8C9A /* HeaderView.swift in Sources */,
				8BF4898A23E68E8C003C8C9A /* AvocadosView.swift in Sources */,
				8BF4898823E68E7C003C8C9A /* AppView.swift in Sources */,
				8B7D14BB2424804600AEF3BA /* HeaderModel.swift in Sources */,
				8B7D4A5F23E6763E008CDA52 /* AppDelegate.swift in Sources */,
				8B7D4A6123E6763E008CDA52 /* SceneDelegate.swift in Sources */,
				8B7D4A6323E6763E008CDA52 /* ContentView.swift in Sources */,
				8BF4898C23E68E9C003C8C9A /* RipeningStagesView.swift in Sources */,
				8B7D14BF24248D1A00AEF3BA /* DishesVIew.swift in Sources */,
				8BF4899023E68FD1003C8C9A /* Constants.swift in Sources */,
			);
			runOnlyForDeploymentPostprocessing = 0;
		};
/* End PBXSourcesBuildPhase section */

/* Begin PBXVariantGroup section */
		8B7D4A6923E67641008CDA52 /* LaunchScreen.storyboard */ = {
			isa = PBXVariantGroup;
			children = (
				8B7D4A6A23E67641008CDA52 /* Base */,
			);
			name = LaunchScreen.storyboard;
			sourceTree = "<group>";
		};
/* End PBXVariantGroup section */

/* Begin XCBuildConfiguration section */
		8B7D4A6D23E67641008CDA52 /* Debug */ = {
			isa = XCBuildConfiguration;
			buildSettings = {
				ALWAYS_SEARCH_USER_PATHS = NO;
				CLANG_ANALYZER_NONNULL = YES;
				CLANG_ANALYZER_NUMBER_OBJECT_CONVERSION = YES_AGGRESSIVE;
				CLANG_CXX_LANGUAGE_STANDARD = "gnu++14";
				CLANG_CXX_LIBRARY = "libc++";
				CLANG_ENABLE_MODULES = YES;
				CLANG_ENABLE_OBJC_ARC = YES;
				CLANG_ENABLE_OBJC_WEAK = YES;
				CLANG_WARN_BLOCK_CAPTURE_AUTORELEASING = YES;
				CLANG_WARN_BOOL_CONVERSION = YES;
				CLANG_WARN_COMMA = YES;
				CLANG_WARN_CONSTANT_CONVERSION = YES;
				CLANG_WARN_DEPRECATED_OBJC_IMPLEMENTATIONS = YES;
				CLANG_WARN_DIRECT_OBJC_ISA_USAGE = YES_ERROR;
				CLANG_WARN_DOCUMENTATION_COMMENTS = YES;
				CLANG_WARN_EMPTY_BODY = YES;
				CLANG_WARN_ENUM_CONVERSION = YES;
				CLANG_WARN_INFINITE_RECURSION = YES;
				CLANG_WARN_INT_CONVERSION = YES;
				CLANG_WARN_NON_LITERAL_NULL_CONVERSION = YES;
				CLANG_WARN_OBJC_IMPLICIT_RETAIN_SELF = YES;
				CLANG_WARN_OBJC_LITERAL_CONVERSION = YES;
				CLANG_WARN_OBJC_ROOT_CLASS = YES_ERROR;
				CLANG_WARN_RANGE_LOOP_ANALYSIS = YES;
				CLANG_WARN_STRICT_PROTOTYPES = YES;
				CLANG_WARN_SUSPICIOUS_MOVE = YES;
				CLANG_WARN_UNGUARDED_AVAILABILITY = YES_AGGRESSIVE;
				CLANG_WARN_UNREACHABLE_CODE = YES;
				CLANG_WARN__DUPLICATE_METHOD_MATCH = YES;
				COPY_PHASE_STRIP = NO;
				DEBUG_INFORMATION_FORMAT = dwarf;
				ENABLE_STRICT_OBJC_MSGSEND = YES;
				ENABLE_TESTABILITY = YES;
				GCC_C_LANGUAGE_STANDARD = gnu11;
				GCC_DYNAMIC_NO_PIC = NO;
				GCC_NO_COMMON_BLOCKS = YES;
				GCC_OPTIMIZATION_LEVEL = 0;
				GCC_PREPROCESSOR_DEFINITIONS = (
					"DEBUG=1",
					"$(inherited)",
				);
				GCC_WARN_64_TO_32_BIT_CONVERSION = YES;
				GCC_WARN_ABOUT_RETURN_TYPE = YES_ERROR;
				GCC_WARN_UNDECLARED_SELECTOR = YES;
				GCC_WARN_UNINITIALIZED_AUTOS = YES_AGGRESSIVE;
				GCC_WARN_UNUSED_FUNCTION = YES;
				GCC_WARN_UNUSED_VARIABLE = YES;
				IPHONEOS_DEPLOYMENT_TARGET = 13.2;
				MTL_ENABLE_DEBUG_INFO = INCLUDE_SOURCE;
				MTL_FAST_MATH = YES;
				ONLY_ACTIVE_ARCH = YES;
				SDKROOT = iphoneos;
				SWIFT_ACTIVE_COMPILATION_CONDITIONS = DEBUG;
				SWIFT_OPTIMIZATION_LEVEL = "-Onone";
			};
			name = Debug;
		};
		8B7D4A6E23E67641008CDA52 /* Release */ = {
			isa = XCBuildConfiguration;
			buildSettings = {
				ALWAYS_SEARCH_USER_PATHS = NO;
				CLANG_ANALYZER_NONNULL = YES;
				CLANG_ANALYZER_NUMBER_OBJECT_CONVERSION = YES_AGGRESSIVE;
				CLANG_CXX_LANGUAGE_STANDARD = "gnu++14";
				CLANG_CXX_LIBRARY = "libc++";
				CLANG_ENABLE_MODULES = YES;
				CLANG_ENABLE_OBJC_ARC = YES;
				CLANG_ENABLE_OBJC_WEAK = YES;
				CLANG_WARN_BLOCK_CAPTURE_AUTORELEASING = YES;
				CLANG_WARN_BOOL_CONVERSION = YES;
				CLANG_WARN_COMMA = YES;
				CLANG_WARN_CONSTANT_CONVERSION = YES;
				CLANG_WARN_DEPRECATED_OBJC_IMPLEMENTATIONS = YES;
				CLANG_WARN_DIRECT_OBJC_ISA_USAGE = YES_ERROR;
				CLANG_WARN_DOCUMENTATION_COMMENTS = YES;
				CLANG_WARN_EMPTY_BODY = YES;
				CLANG_WARN_ENUM_CONVERSION = YES;
				CLANG_WARN_INFINITE_RECURSION = YES;
				CLANG_WARN_INT_CONVERSION = YES;
				CLANG_WARN_NON_LITERAL_NULL_CONVERSION = YES;
				CLANG_WARN_OBJC_IMPLICIT_RETAIN_SELF = YES;
				CLANG_WARN_OBJC_LITERAL_CONVERSION = YES;
				CLANG_WARN_OBJC_ROOT_CLASS = YES_ERROR;
				CLANG_WARN_RANGE_LOOP_ANALYSIS = YES;
				CLANG_WARN_STRICT_PROTOTYPES = YES;
				CLANG_WARN_SUSPICIOUS_MOVE = YES;
				CLANG_WARN_UNGUARDED_AVAILABILITY = YES_AGGRESSIVE;
				CLANG_WARN_UNREACHABLE_CODE = YES;
				CLANG_WARN__DUPLICATE_METHOD_MATCH = YES;
				COPY_PHASE_STRIP = NO;
				DEBUG_INFORMATION_FORMAT = "dwarf-with-dsym";
				ENABLE_NS_ASSERTIONS = NO;
				ENABLE_STRICT_OBJC_MSGSEND = YES;
				GCC_C_LANGUAGE_STANDARD = gnu11;
				GCC_NO_COMMON_BLOCKS = YES;
				GCC_WARN_64_TO_32_BIT_CONVERSION = YES;
				GCC_WARN_ABOUT_RETURN_TYPE = YES_ERROR;
				GCC_WARN_UNDECLARED_SELECTOR = YES;
				GCC_WARN_UNINITIALIZED_AUTOS = YES_AGGRESSIVE;
				GCC_WARN_UNUSED_FUNCTION = YES;
				GCC_WARN_UNUSED_VARIABLE = YES;
				IPHONEOS_DEPLOYMENT_TARGET = 13.2;
				MTL_ENABLE_DEBUG_INFO = NO;
				MTL_FAST_MATH = YES;
				SDKROOT = iphoneos;
				SWIFT_COMPILATION_MODE = wholemodule;
				SWIFT_OPTIMIZATION_LEVEL = "-O";
				VALIDATE_PRODUCT = YES;
			};
			name = Release;
		};
		8B7D4A7023E67641008CDA52 /* Debug */ = {
			isa = XCBuildConfiguration;
			buildSettings = {
				ASSETCATALOG_COMPILER_APPICON_NAME = AppIcon;
				CODE_SIGN_STYLE = Automatic;
				DEVELOPMENT_ASSET_PATHS = "\"Avocado SwiftUI/Preview Content\"";
				DEVELOPMENT_TEAM = 83R323ZA68;
				ENABLE_PREVIEWS = YES;
				INFOPLIST_FILE = "Avocado SwiftUI/Info.plist";
				LD_RUNPATH_SEARCH_PATHS = (
					"$(inherited)",
					"@executable_path/Frameworks",
				);
				PRODUCT_BUNDLE_IDENTIFIER = "com.dhawalmahajan.Avocado-SwiftUI";
				PRODUCT_NAME = "$(TARGET_NAME)";
				SWIFT_VERSION = 5.0;
				TARGETED_DEVICE_FAMILY = "1,2";
			};
			name = Debug;
		};
		8B7D4A7123E67641008CDA52 /* Release */ = {
			isa = XCBuildConfiguration;
			buildSettings = {
				ASSETCATALOG_COMPILER_APPICON_NAME = AppIcon;
				CODE_SIGN_STYLE = Automatic;
				DEVELOPMENT_ASSET_PATHS = "\"Avocado SwiftUI/Preview Content\"";
				DEVELOPMENT_TEAM = 83R323ZA68;
				ENABLE_PREVIEWS = YES;
				INFOPLIST_FILE = "Avocado SwiftUI/Info.plist";
				LD_RUNPATH_SEARCH_PATHS = (
					"$(inherited)",
					"@executable_path/Frameworks",
				);
				PRODUCT_BUNDLE_IDENTIFIER = "com.dhawalmahajan.Avocado-SwiftUI";
				PRODUCT_NAME = "$(TARGET_NAME)";
				SWIFT_VERSION = 5.0;
				TARGETED_DEVICE_FAMILY = "1,2";
			};
			name = Release;
		};
/* End XCBuildConfiguration section */

/* Begin XCConfigurationList section */
		8B7D4A5623E6763E008CDA52 /* Build configuration list for PBXProject "Avocado SwiftUI" */ = {
			isa = XCConfigurationList;
			buildConfigurations = (
				8B7D4A6D23E67641008CDA52 /* Debug */,
				8B7D4A6E23E67641008CDA52 /* Release */,
			);
			defaultConfigurationIsVisible = 0;
			defaultConfigurationName = Release;
		};
		8B7D4A6F23E67641008CDA52 /* Build configuration list for PBXNativeTarget "Avocado SwiftUI" */ = {
			isa = XCConfigurationList;
			buildConfigurations = (
				8B7D4A7023E67641008CDA52 /* Debug */,
				8B7D4A7123E67641008CDA52 /* Release */,
			);
			defaultConfigurationIsVisible = 0;
			defaultConfigurationName = Release;
		};
/* End XCConfigurationList section */
	};
	rootObject = 8B7D4A5323E6763E008CDA52 /* Project object */;
}
